
Microsoft Visual Studio Solution File, Format Version 12.00
# Visual Studio Version 16
VisualStudioVersion = 16.0.30503.244
MinimumVisualStudioVersion = 10.0.40219.1
Project("{9A19103F-16F7-4668-BE54-9A1E7A4F7556}") = "Anket", "Anket.csproj", "{2A50477A-6918-47FD-B199-F5E3233AB64C}"
EndProject
Global
	GlobalSection(SolutionConfigurationPlatforms) = preSolution
		Debug|Any CPU = Debug|Any CPU
		Release|Any CPU = Release|Any CPU
	EndGlobalSection
	GlobalSection(ProjectConfigurationPlatforms) = postSolution
		{2A50477A-6918-47FD-B199-F5E3233AB64C}.Debug|Any CPU.ActiveCfg = Debug|Any CPU
		{2A50477A-6918-47FD-B199-F5E3233AB64C}.Debug|Any CPU.Build.0 = Debug|Any CPU
		{2A50477A-6918-47FD-B199-F5E3233AB64C}.Release|Any CPU.ActiveCfg = Release|Any CPU
		{2A50477A-6918-47FD-B199-F5E3233AB64C}.Release|Any CPU.Build.0 = Release|Any CPU
	EndGlobalSection
	GlobalSection(SolutionProperties) = preSolution
		HideSolutionNode = FALSE
	EndGlobalSection
	GlobalSection(ExtensibilityGlobals) = postSolution
		SolutionGuid = {5D5DE49D-FA66-467D-A374-CD8839AE9670}
	EndGlobalSection
	GlobalSection(TeamFoundationVersionControl) = preSolution
		SccNumberOfProjects = 2
		SccEnterpriseProvider = {4CA58AB2-18FA-4F8D-95D4-32DDF27D184C}
		SccTeamFoundationServer = https://awpturkey.visualstudio.com/
		SccProjectUniqueName0 = Anket.csproj
		SccLocalPath0 = .
		SccLocalPath1 = .
	EndGlobalSection
EndGlobal
